
Microsoft Visual Studio Solution File, Format Version 12.00
# Visual Studio Version 17
VisualStudioVersion = 17.11.35312.102
MinimumVisualStudioVersion = 10.0.40219.1
Project("{FAE04EC0-301F-11D3-BF4B-00C04F79EFBC}") = "ClosingProject2", "ClosingProject2.csproj", "{C2F666F9-08A4-4F3A-982C-F313A76092BB}"
EndProject
Global
	GlobalSection(SolutionConfigurationPlatforms) = preSolution
		Debug|Any CPU = Debug|Any CPU
		Release|Any CPU = Release|Any CPU
	EndGlobalSection
	GlobalSection(ProjectConfigurationPlatforms) = postSolution
		{C2F666F9-08A4-4F3A-982C-F313A76092BB}.Debug|Any CPU.ActiveCfg = Debug|Any CPU
		{C2F666F9-08A4-4F3A-982C-F313A76092BB}.Debug|Any CPU.Build.0 = Debug|Any CPU
		{C2F666F9-08A4-4F3A-982C-F313A76092BB}.Release|Any CPU.ActiveCfg = Release|Any CPU
		{C2F666F9-08A4-4F3A-982C-F313A76092BB}.Release|Any CPU.Build.0 = Release|Any CPU
	EndGlobalSection
	GlobalSection(SolutionProperties) = preSolution
		HideSolutionNode = FALSE
	EndGlobalSection
	GlobalSection(ExtensibilityGlobals) = postSolution
		SolutionGuid = {353A2A78-95CE-4845-B4E8-361DC92EF201}
	EndGlobalSection
EndGlobal
